// !$*UTF8*$!
{
	archiveVersion = 1;
	classes = {
	};
	objectVersion = 46;
	objects = {

/* Begin PBXAggregateTarget section */
		38476B2714374BD50030EEBE /* afGoogleMaps-Universal */ = {
			isa = PBXAggregateTarget;
			buildConfigurationList = 38476B2814374BD50030EEBE /* Build configuration list for PBXAggregateTarget "afGoogleMaps-Universal" */;
			buildPhases = (
				38476B4514374D670030EEBE /* ShellScript */,
			);
			dependencies = (
			);
			name = "afGoogleMaps-Universal";
			productName = "afGoogleMaps-Universal";
		};
/* End PBXAggregateTarget section */

/* Begin PBXBuildFile section */
		3810D829139811AA00B5972E /* DirectionsViewController.m in Sources */ = {isa = PBXBuildFile; fileRef = 3810D827139811AA00B5972E /* DirectionsViewController.m */; };
		3810D82A139811AA00B5972E /* DirectionsViewController.xib in Resources */ = {isa = PBXBuildFile; fileRef = 3810D828139811AA00B5972E /* DirectionsViewController.xib */; };
		3810D83013981DAD00B5972E /* DistanceViewController.m in Sources */ = {isa = PBXBuildFile; fileRef = 3810D82E13981DAD00B5972E /* DistanceViewController.m */; };
		3810D83113981DAD00B5972E /* DistanceViewController.xib in Resources */ = {isa = PBXBuildFile; fileRef = 3810D82F13981DAD00B5972E /* DistanceViewController.xib */; };
		3810D83513981E1300B5972E /* SettingsViewController.m in Sources */ = {isa = PBXBuildFile; fileRef = 3810D83313981E1300B5972E /* SettingsViewController.m */; };
		3810D83613981E1300B5972E /* SettingsViewController.xib in Resources */ = {isa = PBXBuildFile; fileRef = 3810D83413981E1300B5972E /* SettingsViewController.xib */; };
		38140F6F1438BBA6008F089D /* Geometry.m in Sources */ = {isa = PBXBuildFile; fileRef = 38140F6E1438BBA6008F089D /* Geometry.m */; };
		38140F721438BBF3008F089D /* AddressComponent.m in Sources */ = {isa = PBXBuildFile; fileRef = 38140F711438BBF3008F089D /* AddressComponent.m */; };
		38140F751438BC64008F089D /* Place.m in Sources */ = {isa = PBXBuildFile; fileRef = 38140F741438BC64008F089D /* Place.m */; };
		3819B2F5142F87900036F542 /* CoreLocation.framework in Frameworks */ = {isa = PBXBuildFile; fileRef = 3819B2F4142F87900036F542 /* CoreLocation.framework */; };
		382EBE0B143750000097553C /* afGMapsPlaceSearchesRequest.m in Sources */ = {isa = PBXBuildFile; fileRef = 382EBE0A143750000097553C /* afGMapsPlaceSearchesRequest.m */; };
		382EBE0F1437501A0097553C /* afGMapsPlaceDetailsRequest.m in Sources */ = {isa = PBXBuildFile; fileRef = 382EBE0E1437501A0097553C /* afGMapsPlaceDetailsRequest.m */; };
		382EBE12143750350097553C /* afGMapsPlaceCheckinRequest.m in Sources */ = {isa = PBXBuildFile; fileRef = 382EBE11143750350097553C /* afGMapsPlaceCheckinRequest.m */; };
		382EBE15143750490097553C /* afGMapsPlaceReportRequest.m in Sources */ = {isa = PBXBuildFile; fileRef = 382EBE14143750490097553C /* afGMapsPlaceReportRequest.m */; };
		38476B1B14374BC60030EEBE /* CoreFoundation.framework in Frameworks */ = {isa = PBXBuildFile; fileRef = 38476B1A14374BC60030EEBE /* CoreFoundation.framework */; };
		38476B2114374BC60030EEBE /* InfoPlist.strings in Resources */ = {isa = PBXBuildFile; fileRef = 38476B1F14374BC60030EEBE /* InfoPlist.strings */; };
		38476B2C14374C670030EEBE /* afGoogleMapsAPIRequest.h in Headers */ = {isa = PBXBuildFile; fileRef = 389D913E1392E8AF005A7B40 /* afGoogleMapsAPIRequest.h */; settings = {ATTRIBUTES = (Public, ); }; };
		38476B2D14374C670030EEBE /* afGMapsDirectionsRequest.h in Headers */ = {isa = PBXBuildFile; fileRef = 389D91381392E8AF005A7B40 /* afGMapsDirectionsRequest.h */; settings = {ATTRIBUTES = (Public, ); }; };
		38476B2E14374C670030EEBE /* afGMapsElevationRequest.h in Headers */ = {isa = PBXBuildFile; fileRef = 38CC36D81396C4B3006C1381 /* afGMapsElevationRequest.h */; settings = {ATTRIBUTES = (Public, ); }; };
		38476B2F14374C670030EEBE /* afGMapsPlacesRequest.h in Headers */ = {isa = PBXBuildFile; fileRef = 38CC36DA1396C4B3006C1381 /* afGMapsPlacesRequest.h */; settings = {ATTRIBUTES = (Public, ); }; };
		38476B3014374C670030EEBE /* afGMapsDistanceRequest.h in Headers */ = {isa = PBXBuildFile; fileRef = 389D913A1392E8AF005A7B40 /* afGMapsDistanceRequest.h */; settings = {ATTRIBUTES = (Public, ); }; };
		38476B3114374C670030EEBE /* afGMapsGeocodingRequest.h in Headers */ = {isa = PBXBuildFile; fileRef = 389D913C1392E8AF005A7B40 /* afGMapsGeocodingRequest.h */; settings = {ATTRIBUTES = (Public, ); }; };
		38476B3514374CE40030EEBE /* afGoogleMaps.h in Headers */ = {isa = PBXBuildFile; fileRef = 38476B3214374C8E0030EEBE /* afGoogleMaps.h */; settings = {ATTRIBUTES = (Public, ); }; };
		38476B3614374CFC0030EEBE /* afGoogleMapsAPIRequest.m in Sources */ = {isa = PBXBuildFile; fileRef = 389D913F1392E8AF005A7B40 /* afGoogleMapsAPIRequest.m */; };
		38476B3714374CFC0030EEBE /* afGMapsDirectionsRequest.m in Sources */ = {isa = PBXBuildFile; fileRef = 389D91391392E8AF005A7B40 /* afGMapsDirectionsRequest.m */; };
		38476B3814374CFC0030EEBE /* afGMapsElevationRequest.m in Sources */ = {isa = PBXBuildFile; fileRef = 38CC36D91396C4B3006C1381 /* afGMapsElevationRequest.m */; };
		38476B3914374CFC0030EEBE /* afGMapsPlacesRequest.m in Sources */ = {isa = PBXBuildFile; fileRef = 38CC36DB1396C4B3006C1381 /* afGMapsPlacesRequest.m */; };
		38476B3A14374CFC0030EEBE /* afGMapsDistanceRequest.m in Sources */ = {isa = PBXBuildFile; fileRef = 389D913B1392E8AF005A7B40 /* afGMapsDistanceRequest.m */; };
		38476B3B14374CFC0030EEBE /* afGMapsGeocodingRequest.m in Sources */ = {isa = PBXBuildFile; fileRef = 389D913D1392E8AF005A7B40 /* afGMapsGeocodingRequest.m */; };
		38476B3C14374D170030EEBE /* CoreLocation.framework in Frameworks */ = {isa = PBXBuildFile; fileRef = 3819B2F4142F87900036F542 /* CoreLocation.framework */; };
		38476B3D14374D170030EEBE /* Security.framework in Frameworks */ = {isa = PBXBuildFile; fileRef = 389D91931392E973005A7B40 /* Security.framework */; };
		38476B3E14374D170030EEBE /* CFNetwork.framework in Frameworks */ = {isa = PBXBuildFile; fileRef = 389D91911392E949005A7B40 /* CFNetwork.framework */; };
		38476B3F14374D170030EEBE /* libz.1.2.3.dylib in Frameworks */ = {isa = PBXBuildFile; fileRef = 389D918F1392E941005A7B40 /* libz.1.2.3.dylib */; };
		38476B4014374D170030EEBE /* MobileCoreServices.framework in Frameworks */ = {isa = PBXBuildFile; fileRef = 389D918D1392E93A005A7B40 /* MobileCoreServices.framework */; };
		38476B4114374D170030EEBE /* SystemConfiguration.framework in Frameworks */ = {isa = PBXBuildFile; fileRef = 389D918B1392E936005A7B40 /* SystemConfiguration.framework */; };
		38476B4214374D170030EEBE /* UIKit.framework in Frameworks */ = {isa = PBXBuildFile; fileRef = 389D91181392E89E005A7B40 /* UIKit.framework */; };
		38476B4314374D170030EEBE /* Foundation.framework in Frameworks */ = {isa = PBXBuildFile; fileRef = 389D911A1392E89F005A7B40 /* Foundation.framework */; };
		38476B4414374D170030EEBE /* CoreGraphics.framework in Frameworks */ = {isa = PBXBuildFile; fileRef = 389D911C1392E89F005A7B40 /* CoreGraphics.framework */; };
		38476B4614374DC70030EEBE /* NSObject+SBJson.m in Sources */ = {isa = PBXBuildFile; fileRef = 389D91471392E915005A7B40 /* NSObject+SBJson.m */; };
		38476B4714374DC70030EEBE /* SBJsonParser.m in Sources */ = {isa = PBXBuildFile; fileRef = 389D914A1392E915005A7B40 /* SBJsonParser.m */; };
		38476B4814374DC70030EEBE /* SBJsonStreamParser.m in Sources */ = {isa = PBXBuildFile; fileRef = 389D914D1392E915005A7B40 /* SBJsonStreamParser.m */; };
		38476B4914374DC70030EEBE /* SBJsonStreamParserAccumulator.m in Sources */ = {isa = PBXBuildFile; fileRef = 389D914F1392E915005A7B40 /* SBJsonStreamParserAccumulator.m */; };
		38476B4A14374DC70030EEBE /* SBJsonStreamParserAdapter.m in Sources */ = {isa = PBXBuildFile; fileRef = 389D91511392E915005A7B40 /* SBJsonStreamParserAdapter.m */; };
		38476B4B14374DC70030EEBE /* SBJsonStreamParserState.m in Sources */ = {isa = PBXBuildFile; fileRef = 389D91531392E915005A7B40 /* SBJsonStreamParserState.m */; };
		38476B4C14374DC70030EEBE /* SBJsonStreamWriter.m in Sources */ = {isa = PBXBuildFile; fileRef = 389D91551392E915005A7B40 /* SBJsonStreamWriter.m */; };
		38476B4D14374DC70030EEBE /* SBJsonStreamWriterAccumulator.m in Sources */ = {isa = PBXBuildFile; fileRef = 389D91571392E915005A7B40 /* SBJsonStreamWriterAccumulator.m */; };
		38476B4E14374DC70030EEBE /* SBJsonStreamWriterState.m in Sources */ = {isa = PBXBuildFile; fileRef = 389D91591392E915005A7B40 /* SBJsonStreamWriterState.m */; };
		38476B4F14374DC70030EEBE /* SBJsonTokeniser.m in Sources */ = {isa = PBXBuildFile; fileRef = 389D915B1392E915005A7B40 /* SBJsonTokeniser.m */; };
		38476B5014374DC70030EEBE /* SBJsonUTF8Stream.m in Sources */ = {isa = PBXBuildFile; fileRef = 389D915D1392E915005A7B40 /* SBJsonUTF8Stream.m */; };
		38476B5114374DC70030EEBE /* SBJsonWriter.m in Sources */ = {isa = PBXBuildFile; fileRef = 389D915F1392E915005A7B40 /* SBJsonWriter.m */; };
		38476B5214374DC70030EEBE /* ASIAuthenticationDialog.m in Sources */ = {isa = PBXBuildFile; fileRef = 389D916D1392E920005A7B40 /* ASIAuthenticationDialog.m */; };
		38476B5314374DC70030EEBE /* ASIDataCompressor.m in Sources */ = {isa = PBXBuildFile; fileRef = 389D91701392E920005A7B40 /* ASIDataCompressor.m */; };
		38476B5414374DC70030EEBE /* ASIDataDecompressor.m in Sources */ = {isa = PBXBuildFile; fileRef = 389D91721392E920005A7B40 /* ASIDataDecompressor.m */; };
		38476B5514374DC70030EEBE /* ASIDownloadCache.m in Sources */ = {isa = PBXBuildFile; fileRef = 389D91741392E920005A7B40 /* ASIDownloadCache.m */; };
		38476B5614374DC70030EEBE /* ASIFormDataRequest.m in Sources */ = {isa = PBXBuildFile; fileRef = 389D91761392E920005A7B40 /* ASIFormDataRequest.m */; };
		38476B5714374DC70030EEBE /* ASIHTTPRequest.m in Sources */ = {isa = PBXBuildFile; fileRef = 389D91781392E920005A7B40 /* ASIHTTPRequest.m */; };
		38476B5814374DC70030EEBE /* ASIInputStream.m in Sources */ = {isa = PBXBuildFile; fileRef = 389D917C1392E920005A7B40 /* ASIInputStream.m */; };
		38476B5914374DC70030EEBE /* ASINetworkQueue.m in Sources */ = {isa = PBXBuildFile; fileRef = 389D917E1392E920005A7B40 /* ASINetworkQueue.m */; };
		38476B5A14374DC70030EEBE /* Reachability.m in Sources */ = {isa = PBXBuildFile; fileRef = 389D91811392E920005A7B40 /* Reachability.m */; };
		38476B5B14374DE70030EEBE /* NSObject+SBJson.h in Headers */ = {isa = PBXBuildFile; fileRef = 389D91461392E915005A7B40 /* NSObject+SBJson.h */; settings = {ATTRIBUTES = (Private, ); }; };
		38476B5C14374DE70030EEBE /* SBJson.h in Headers */ = {isa = PBXBuildFile; fileRef = 389D91481392E915005A7B40 /* SBJson.h */; settings = {ATTRIBUTES = (Private, ); }; };
		38476B5D14374DE70030EEBE /* SBJsonParser.h in Headers */ = {isa = PBXBuildFile; fileRef = 389D91491392E915005A7B40 /* SBJsonParser.h */; settings = {ATTRIBUTES = (Private, ); }; };
		38476B5E14374DE70030EEBE /* SBJsonPublic.h in Headers */ = {isa = PBXBuildFile; fileRef = 389D914B1392E915005A7B40 /* SBJsonPublic.h */; settings = {ATTRIBUTES = (Private, ); }; };
		38476B5F14374DE70030EEBE /* SBJsonStreamParser.h in Headers */ = {isa = PBXBuildFile; fileRef = 389D914C1392E915005A7B40 /* SBJsonStreamParser.h */; settings = {ATTRIBUTES = (Private, ); }; };
		38476B6014374DE70030EEBE /* SBJsonStreamParserAccumulator.h in Headers */ = {isa = PBXBuildFile; fileRef = 389D914E1392E915005A7B40 /* SBJsonStreamParserAccumulator.h */; settings = {ATTRIBUTES = (Private, ); }; };
		38476B6114374DE70030EEBE /* SBJsonStreamParserAdapter.h in Headers */ = {isa = PBXBuildFile; fileRef = 389D91501392E915005A7B40 /* SBJsonStreamParserAdapter.h */; settings = {ATTRIBUTES = (Private, ); }; };
		38476B6214374DE70030EEBE /* SBJsonStreamParserState.h in Headers */ = {isa = PBXBuildFile; fileRef = 389D91521392E915005A7B40 /* SBJsonStreamParserState.h */; settings = {ATTRIBUTES = (Private, ); }; };
		38476B6314374DE70030EEBE /* SBJsonStreamWriter.h in Headers */ = {isa = PBXBuildFile; fileRef = 389D91541392E915005A7B40 /* SBJsonStreamWriter.h */; settings = {ATTRIBUTES = (Private, ); }; };
		38476B6414374DE70030EEBE /* SBJsonStreamWriterAccumulator.h in Headers */ = {isa = PBXBuildFile; fileRef = 389D91561392E915005A7B40 /* SBJsonStreamWriterAccumulator.h */; settings = {ATTRIBUTES = (Private, ); }; };
		38476B6514374DE70030EEBE /* SBJsonStreamWriterState.h in Headers */ = {isa = PBXBuildFile; fileRef = 389D91581392E915005A7B40 /* SBJsonStreamWriterState.h */; settings = {ATTRIBUTES = (Private, ); }; };
		38476B6614374DE70030EEBE /* SBJsonTokeniser.h in Headers */ = {isa = PBXBuildFile; fileRef = 389D915A1392E915005A7B40 /* SBJsonTokeniser.h */; settings = {ATTRIBUTES = (Private, ); }; };
		38476B6714374DE70030EEBE /* SBJsonUTF8Stream.h in Headers */ = {isa = PBXBuildFile; fileRef = 389D915C1392E915005A7B40 /* SBJsonUTF8Stream.h */; settings = {ATTRIBUTES = (Private, ); }; };
		38476B6814374DE70030EEBE /* SBJsonWriter.h in Headers */ = {isa = PBXBuildFile; fileRef = 389D915E1392E915005A7B40 /* SBJsonWriter.h */; settings = {ATTRIBUTES = (Private, ); }; };
		38476B6914374DE70030EEBE /* ASIAuthenticationDialog.h in Headers */ = {isa = PBXBuildFile; fileRef = 389D916C1392E920005A7B40 /* ASIAuthenticationDialog.h */; settings = {ATTRIBUTES = (Private, ); }; };
		38476B6A14374DE70030EEBE /* ASICacheDelegate.h in Headers */ = {isa = PBXBuildFile; fileRef = 389D916E1392E920005A7B40 /* ASICacheDelegate.h */; settings = {ATTRIBUTES = (Private, ); }; };
		38476B6B14374DE70030EEBE /* ASIDataCompressor.h in Headers */ = {isa = PBXBuildFile; fileRef = 389D916F1392E920005A7B40 /* ASIDataCompressor.h */; settings = {ATTRIBUTES = (Private, ); }; };
		38476B6C14374DE70030EEBE /* ASIDataDecompressor.h in Headers */ = {isa = PBXBuildFile; fileRef = 389D91711392E920005A7B40 /* ASIDataDecompressor.h */; settings = {ATTRIBUTES = (Private, ); }; };
		38476B6D14374DE70030EEBE /* ASIDownloadCache.h in Headers */ = {isa = PBXBuildFile; fileRef = 389D91731392E920005A7B40 /* ASIDownloadCache.h */; settings = {ATTRIBUTES = (Private, ); }; };
		38476B6E14374DE70030EEBE /* ASIFormDataRequest.h in Headers */ = {isa = PBXBuildFile; fileRef = 389D91751392E920005A7B40 /* ASIFormDataRequest.h */; settings = {ATTRIBUTES = (Private, ); }; };
		38476B6F14374DE70030EEBE /* ASIHTTPRequest.h in Headers */ = {isa = PBXBuildFile; fileRef = 389D91771392E920005A7B40 /* ASIHTTPRequest.h */; settings = {ATTRIBUTES = (Private, ); }; };
		38476B7014374DE70030EEBE /* ASIHTTPRequestConfig.h in Headers */ = {isa = PBXBuildFile; fileRef = 389D91791392E920005A7B40 /* ASIHTTPRequestConfig.h */; settings = {ATTRIBUTES = (Private, ); }; };
		38476B7114374DE70030EEBE /* ASIHTTPRequestDelegate.h in Headers */ = {isa = PBXBuildFile; fileRef = 389D917A1392E920005A7B40 /* ASIHTTPRequestDelegate.h */; settings = {ATTRIBUTES = (Private, ); }; };
		38476B7214374DE70030EEBE /* ASIInputStream.h in Headers */ = {isa = PBXBuildFile; fileRef = 389D917B1392E920005A7B40 /* ASIInputStream.h */; settings = {ATTRIBUTES = (Private, ); }; };
		38476B7314374DE70030EEBE /* ASINetworkQueue.h in Headers */ = {isa = PBXBuildFile; fileRef = 389D917D1392E920005A7B40 /* ASINetworkQueue.h */; settings = {ATTRIBUTES = (Private, ); }; };
		38476B7414374DE70030EEBE /* ASIProgressDelegate.h in Headers */ = {isa = PBXBuildFile; fileRef = 389D917F1392E920005A7B40 /* ASIProgressDelegate.h */; settings = {ATTRIBUTES = (Private, ); }; };
		38476B7514374DE70030EEBE /* Reachability.h in Headers */ = {isa = PBXBuildFile; fileRef = 389D91801392E920005A7B40 /* Reachability.h */; settings = {ATTRIBUTES = (Private, ); }; };
		389D91191392E89E005A7B40 /* UIKit.framework in Frameworks */ = {isa = PBXBuildFile; fileRef = 389D91181392E89E005A7B40 /* UIKit.framework */; };
		389D911B1392E89F005A7B40 /* Foundation.framework in Frameworks */ = {isa = PBXBuildFile; fileRef = 389D911A1392E89F005A7B40 /* Foundation.framework */; };
		389D911D1392E89F005A7B40 /* CoreGraphics.framework in Frameworks */ = {isa = PBXBuildFile; fileRef = 389D911C1392E89F005A7B40 /* CoreGraphics.framework */; };
		389D91231392E89F005A7B40 /* InfoPlist.strings in Resources */ = {isa = PBXBuildFile; fileRef = 389D91211392E89F005A7B40 /* InfoPlist.strings */; };
		389D91261392E89F005A7B40 /* main.m in Sources */ = {isa = PBXBuildFile; fileRef = 389D91251392E89F005A7B40 /* main.m */; };
		389D91291392E89F005A7B40 /* afGMDemoAppDelegate.m in Sources */ = {isa = PBXBuildFile; fileRef = 389D91281392E89F005A7B40 /* afGMDemoAppDelegate.m */; };
		389D912C1392E89F005A7B40 /* MainWindow.xib in Resources */ = {isa = PBXBuildFile; fileRef = 389D912A1392E89F005A7B40 /* MainWindow.xib */; };
		389D912F1392E89F005A7B40 /* GeocodingViewController.m in Sources */ = {isa = PBXBuildFile; fileRef = 389D912E1392E89F005A7B40 /* GeocodingViewController.m */; };
		389D91321392E89F005A7B40 /* GeocodingViewController.xib in Resources */ = {isa = PBXBuildFile; fileRef = 389D91301392E89F005A7B40 /* GeocodingViewController.xib */; };
		389D91401392E8AF005A7B40 /* afGMapsDirectionsRequest.m in Sources */ = {isa = PBXBuildFile; fileRef = 389D91391392E8AF005A7B40 /* afGMapsDirectionsRequest.m */; };
		389D91411392E8AF005A7B40 /* afGMapsDistanceRequest.m in Sources */ = {isa = PBXBuildFile; fileRef = 389D913B1392E8AF005A7B40 /* afGMapsDistanceRequest.m */; };
		389D91421392E8AF005A7B40 /* afGMapsGeocodingRequest.m in Sources */ = {isa = PBXBuildFile; fileRef = 389D913D1392E8AF005A7B40 /* afGMapsGeocodingRequest.m */; };
		389D91431392E8AF005A7B40 /* afGoogleMapsAPIRequest.m in Sources */ = {isa = PBXBuildFile; fileRef = 389D913F1392E8AF005A7B40 /* afGoogleMapsAPIRequest.m */; };
		389D91601392E915005A7B40 /* NSObject+SBJson.m in Sources */ = {isa = PBXBuildFile; fileRef = 389D91471392E915005A7B40 /* NSObject+SBJson.m */; };
		389D91611392E915005A7B40 /* SBJsonParser.m in Sources */ = {isa = PBXBuildFile; fileRef = 389D914A1392E915005A7B40 /* SBJsonParser.m */; };
		389D91621392E915005A7B40 /* SBJsonStreamParser.m in Sources */ = {isa = PBXBuildFile; fileRef = 389D914D1392E915005A7B40 /* SBJsonStreamParser.m */; };
		389D91631392E915005A7B40 /* SBJsonStreamParserAccumulator.m in Sources */ = {isa = PBXBuildFile; fileRef = 389D914F1392E915005A7B40 /* SBJsonStreamParserAccumulator.m */; };
		389D91641392E915005A7B40 /* SBJsonStreamParserAdapter.m in Sources */ = {isa = PBXBuildFile; fileRef = 389D91511392E915005A7B40 /* SBJsonStreamParserAdapter.m */; };
		389D91651392E915005A7B40 /* SBJsonStreamParserState.m in Sources */ = {isa = PBXBuildFile; fileRef = 389D91531392E915005A7B40 /* SBJsonStreamParserState.m */; };
		389D91661392E915005A7B40 /* SBJsonStreamWriter.m in Sources */ = {isa = PBXBuildFile; fileRef = 389D91551392E915005A7B40 /* SBJsonStreamWriter.m */; };
		389D91671392E915005A7B40 /* SBJsonStreamWriterAccumulator.m in Sources */ = {isa = PBXBuildFile; fileRef = 389D91571392E915005A7B40 /* SBJsonStreamWriterAccumulator.m */; };
		389D91681392E915005A7B40 /* SBJsonStreamWriterState.m in Sources */ = {isa = PBXBuildFile; fileRef = 389D91591392E915005A7B40 /* SBJsonStreamWriterState.m */; };
		389D91691392E915005A7B40 /* SBJsonTokeniser.m in Sources */ = {isa = PBXBuildFile; fileRef = 389D915B1392E915005A7B40 /* SBJsonTokeniser.m */; };
		389D916A1392E915005A7B40 /* SBJsonUTF8Stream.m in Sources */ = {isa = PBXBuildFile; fileRef = 389D915D1392E915005A7B40 /* SBJsonUTF8Stream.m */; };
		389D916B1392E915005A7B40 /* SBJsonWriter.m in Sources */ = {isa = PBXBuildFile; fileRef = 389D915F1392E915005A7B40 /* SBJsonWriter.m */; };
		389D91821392E920005A7B40 /* ASIAuthenticationDialog.m in Sources */ = {isa = PBXBuildFile; fileRef = 389D916D1392E920005A7B40 /* ASIAuthenticationDialog.m */; };
		389D91831392E920005A7B40 /* ASIDataCompressor.m in Sources */ = {isa = PBXBuildFile; fileRef = 389D91701392E920005A7B40 /* ASIDataCompressor.m */; };
		389D91841392E920005A7B40 /* ASIDataDecompressor.m in Sources */ = {isa = PBXBuildFile; fileRef = 389D91721392E920005A7B40 /* ASIDataDecompressor.m */; };
		389D91851392E920005A7B40 /* ASIDownloadCache.m in Sources */ = {isa = PBXBuildFile; fileRef = 389D91741392E920005A7B40 /* ASIDownloadCache.m */; };
		389D91861392E920005A7B40 /* ASIFormDataRequest.m in Sources */ = {isa = PBXBuildFile; fileRef = 389D91761392E920005A7B40 /* ASIFormDataRequest.m */; };
		389D91871392E920005A7B40 /* ASIHTTPRequest.m in Sources */ = {isa = PBXBuildFile; fileRef = 389D91781392E920005A7B40 /* ASIHTTPRequest.m */; };
		389D91881392E920005A7B40 /* ASIInputStream.m in Sources */ = {isa = PBXBuildFile; fileRef = 389D917C1392E920005A7B40 /* ASIInputStream.m */; };
		389D91891392E920005A7B40 /* ASINetworkQueue.m in Sources */ = {isa = PBXBuildFile; fileRef = 389D917E1392E920005A7B40 /* ASINetworkQueue.m */; };
		389D918A1392E920005A7B40 /* Reachability.m in Sources */ = {isa = PBXBuildFile; fileRef = 389D91811392E920005A7B40 /* Reachability.m */; };
		389D918C1392E936005A7B40 /* SystemConfiguration.framework in Frameworks */ = {isa = PBXBuildFile; fileRef = 389D918B1392E936005A7B40 /* SystemConfiguration.framework */; };
		389D918E1392E93A005A7B40 /* MobileCoreServices.framework in Frameworks */ = {isa = PBXBuildFile; fileRef = 389D918D1392E93A005A7B40 /* MobileCoreServices.framework */; };
		389D91901392E941005A7B40 /* libz.1.2.3.dylib in Frameworks */ = {isa = PBXBuildFile; fileRef = 389D918F1392E941005A7B40 /* libz.1.2.3.dylib */; };
		389D91921392E949005A7B40 /* CFNetwork.framework in Frameworks */ = {isa = PBXBuildFile; fileRef = 389D91911392E949005A7B40 /* CFNetwork.framework */; };
		389D91941392E973005A7B40 /* Security.framework in Frameworks */ = {isa = PBXBuildFile; fileRef = 389D91931392E973005A7B40 /* Security.framework */; };
		38CC36DC1396C4B3006C1381 /* afGMapsElevationRequest.m in Sources */ = {isa = PBXBuildFile; fileRef = 38CC36D91396C4B3006C1381 /* afGMapsElevationRequest.m */; };
		38CC36DD1396C4B3006C1381 /* afGMapsPlacesRequest.m in Sources */ = {isa = PBXBuildFile; fileRef = 38CC36DB1396C4B3006C1381 /* afGMapsPlacesRequest.m */; };
/* End PBXBuildFile section */

/* Begin PBXFileReference section */
		3810D826139811AA00B5972E /* DirectionsViewController.h */ = {isa = PBXFileReference; fileEncoding = 4; lastKnownFileType = sourcecode.c.h; path = DirectionsViewController.h; sourceTree = "<group>"; };
		3810D827139811AA00B5972E /* DirectionsViewController.m */ = {isa = PBXFileReference; fileEncoding = 4; lastKnownFileType = sourcecode.c.objc; path = DirectionsViewController.m; sourceTree = "<group>"; };
		3810D828139811AA00B5972E /* DirectionsViewController.xib */ = {isa = PBXFileReference; fileEncoding = 4; lastKnownFileType = file.xib; path = DirectionsViewController.xib; sourceTree = "<group>"; };
		3810D82D13981DAD00B5972E /* DistanceViewController.h */ = {isa = PBXFileReference; fileEncoding = 4; lastKnownFileType = sourcecode.c.h; path = DistanceViewController.h; sourceTree = "<group>"; };
		3810D82E13981DAD00B5972E /* DistanceViewController.m */ = {isa = PBXFileReference; fileEncoding = 4; lastKnownFileType = sourcecode.c.objc; path = DistanceViewController.m; sourceTree = "<group>"; };
		3810D82F13981DAD00B5972E /* DistanceViewController.xib */ = {isa = PBXFileReference; fileEncoding = 4; lastKnownFileType = file.xib; path = DistanceViewController.xib; sourceTree = "<group>"; };
		3810D83213981E1200B5972E /* SettingsViewController.h */ = {isa = PBXFileReference; fileEncoding = 4; lastKnownFileType = sourcecode.c.h; path = SettingsViewController.h; sourceTree = "<group>"; };
		3810D83313981E1300B5972E /* SettingsViewController.m */ = {isa = PBXFileReference; fileEncoding = 4; lastKnownFileType = sourcecode.c.objc; path = SettingsViewController.m; sourceTree = "<group>"; };
		3810D83413981E1300B5972E /* SettingsViewController.xib */ = {isa = PBXFileReference; fileEncoding = 4; lastKnownFileType = file.xib; path = SettingsViewController.xib; sourceTree = "<group>"; };
		38140F6D1438BBA6008F089D /* Geometry.h */ = {isa = PBXFileReference; fileEncoding = 4; lastKnownFileType = sourcecode.c.h; path = Geometry.h; sourceTree = "<group>"; };
		38140F6E1438BBA6008F089D /* Geometry.m */ = {isa = PBXFileReference; fileEncoding = 4; lastKnownFileType = sourcecode.c.objc; path = Geometry.m; sourceTree = "<group>"; };
		38140F701438BBF3008F089D /* AddressComponent.h */ = {isa = PBXFileReference; fileEncoding = 4; lastKnownFileType = sourcecode.c.h; path = AddressComponent.h; sourceTree = "<group>"; };
		38140F711438BBF3008F089D /* AddressComponent.m */ = {isa = PBXFileReference; fileEncoding = 4; lastKnownFileType = sourcecode.c.objc; path = AddressComponent.m; sourceTree = "<group>"; };
		38140F731438BC63008F089D /* Place.h */ = {isa = PBXFileReference; fileEncoding = 4; lastKnownFileType = sourcecode.c.h; path = Place.h; sourceTree = "<group>"; };
		38140F741438BC64008F089D /* Place.m */ = {isa = PBXFileReference; fileEncoding = 4; lastKnownFileType = sourcecode.c.objc; path = Place.m; sourceTree = "<group>"; };
		3819B2F4142F87900036F542 /* CoreLocation.framework */ = {isa = PBXFileReference; lastKnownFileType = wrapper.framework; name = CoreLocation.framework; path = System/Library/Frameworks/CoreLocation.framework; sourceTree = SDKROOT; };
		382EBE09143750000097553C /* afGMapsPlaceSearchesRequest.h */ = {isa = PBXFileReference; fileEncoding = 4; lastKnownFileType = sourcecode.c.h; path = afGMapsPlaceSearchesRequest.h; sourceTree = "<group>"; };
		382EBE0A143750000097553C /* afGMapsPlaceSearchesRequest.m */ = {isa = PBXFileReference; fileEncoding = 4; lastKnownFileType = sourcecode.c.objc; path = afGMapsPlaceSearchesRequest.m; sourceTree = "<group>"; };
		382EBE0D1437501A0097553C /* afGMapsPlaceDetailsRequest.h */ = {isa = PBXFileReference; fileEncoding = 4; lastKnownFileType = sourcecode.c.h; path = afGMapsPlaceDetailsRequest.h; sourceTree = "<group>"; };
		382EBE0E1437501A0097553C /* afGMapsPlaceDetailsRequest.m */ = {isa = PBXFileReference; fileEncoding = 4; lastKnownFileType = sourcecode.c.objc; path = afGMapsPlaceDetailsRequest.m; sourceTree = "<group>"; };
		382EBE10143750350097553C /* afGMapsPlaceCheckinRequest.h */ = {isa = PBXFileReference; fileEncoding = 4; lastKnownFileType = sourcecode.c.h; path = afGMapsPlaceCheckinRequest.h; sourceTree = "<group>"; };
		382EBE11143750350097553C /* afGMapsPlaceCheckinRequest.m */ = {isa = PBXFileReference; fileEncoding = 4; lastKnownFileType = sourcecode.c.objc; path = afGMapsPlaceCheckinRequest.m; sourceTree = "<group>"; };
		382EBE13143750490097553C /* afGMapsPlaceReportRequest.h */ = {isa = PBXFileReference; fileEncoding = 4; lastKnownFileType = sourcecode.c.h; path = afGMapsPlaceReportRequest.h; sourceTree = "<group>"; };
		382EBE14143750490097553C /* afGMapsPlaceReportRequest.m */ = {isa = PBXFileReference; fileEncoding = 4; lastKnownFileType = sourcecode.c.objc; path = afGMapsPlaceReportRequest.m; sourceTree = "<group>"; };
		38476B1914374BC60030EEBE /* afGoogleMapsiOS.framework */ = {isa = PBXFileReference; explicitFileType = wrapper.cfbundle; includeInIndex = 0; path = afGoogleMapsiOS.framework; sourceTree = BUILT_PRODUCTS_DIR; };
		38476B1A14374BC60030EEBE /* CoreFoundation.framework */ = {isa = PBXFileReference; lastKnownFileType = wrapper.framework; name = CoreFoundation.framework; path = System/Library/Frameworks/CoreFoundation.framework; sourceTree = SDKROOT; };
		38476B1E14374BC60030EEBE /* afGoogleMapsiOS-Info.plist */ = {isa = PBXFileReference; lastKnownFileType = text.plist.xml; path = "afGoogleMapsiOS-Info.plist"; sourceTree = "<group>"; };
		38476B2014374BC60030EEBE /* en */ = {isa = PBXFileReference; lastKnownFileType = text.plist.strings; name = en; path = en.lproj/InfoPlist.strings; sourceTree = "<group>"; };
		38476B2214374BC60030EEBE /* afGoogleMapsiOS-Prefix.pch */ = {isa = PBXFileReference; lastKnownFileType = sourcecode.c.h; path = "afGoogleMapsiOS-Prefix.pch"; sourceTree = "<group>"; };
		38476B3214374C8E0030EEBE /* afGoogleMaps.h */ = {isa = PBXFileReference; fileEncoding = 4; lastKnownFileType = sourcecode.c.h; path = afGoogleMaps.h; sourceTree = "<group>"; };
		389D91141392E89E005A7B40 /* afGMDemo.app */ = {isa = PBXFileReference; explicitFileType = wrapper.application; includeInIndex = 0; path = afGMDemo.app; sourceTree = BUILT_PRODUCTS_DIR; };
		389D91181392E89E005A7B40 /* UIKit.framework */ = {isa = PBXFileReference; lastKnownFileType = wrapper.framework; name = UIKit.framework; path = System/Library/Frameworks/UIKit.framework; sourceTree = SDKROOT; };
		389D911A1392E89F005A7B40 /* Foundation.framework */ = {isa = PBXFileReference; lastKnownFileType = wrapper.framework; name = Foundation.framework; path = System/Library/Frameworks/Foundation.framework; sourceTree = SDKROOT; };
		389D911C1392E89F005A7B40 /* CoreGraphics.framework */ = {isa = PBXFileReference; lastKnownFileType = wrapper.framework; name = CoreGraphics.framework; path = System/Library/Frameworks/CoreGraphics.framework; sourceTree = SDKROOT; };
		389D91201392E89F005A7B40 /* afGMDemo-Info.plist */ = {isa = PBXFileReference; lastKnownFileType = text.plist.xml; path = "afGMDemo-Info.plist"; sourceTree = "<group>"; };
		389D91221392E89F005A7B40 /* en */ = {isa = PBXFileReference; lastKnownFileType = text.plist.strings; name = en; path = en.lproj/InfoPlist.strings; sourceTree = "<group>"; };
		389D91241392E89F005A7B40 /* afGMDemo-Prefix.pch */ = {isa = PBXFileReference; lastKnownFileType = sourcecode.c.h; path = "afGMDemo-Prefix.pch"; sourceTree = "<group>"; };
		389D91251392E89F005A7B40 /* main.m */ = {isa = PBXFileReference; lastKnownFileType = sourcecode.c.objc; path = main.m; sourceTree = "<group>"; };
		389D91271392E89F005A7B40 /* afGMDemoAppDelegate.h */ = {isa = PBXFileReference; lastKnownFileType = sourcecode.c.h; path = afGMDemoAppDelegate.h; sourceTree = "<group>"; };
		389D91281392E89F005A7B40 /* afGMDemoAppDelegate.m */ = {isa = PBXFileReference; lastKnownFileType = sourcecode.c.objc; path = afGMDemoAppDelegate.m; sourceTree = "<group>"; };
		389D912B1392E89F005A7B40 /* en */ = {isa = PBXFileReference; lastKnownFileType = file.xib; name = en; path = en.lproj/MainWindow.xib; sourceTree = "<group>"; };
		389D912D1392E89F005A7B40 /* GeocodingViewController.h */ = {isa = PBXFileReference; lastKnownFileType = sourcecode.c.h; path = GeocodingViewController.h; sourceTree = "<group>"; };
		389D912E1392E89F005A7B40 /* GeocodingViewController.m */ = {isa = PBXFileReference; lastKnownFileType = sourcecode.c.objc; path = GeocodingViewController.m; sourceTree = "<group>"; };
		389D91311392E89F005A7B40 /* en */ = {isa = PBXFileReference; lastKnownFileType = file.xib; name = en; path = en.lproj/GeocodingViewController.xib; sourceTree = "<group>"; };
		389D91381392E8AF005A7B40 /* afGMapsDirectionsRequest.h */ = {isa = PBXFileReference; fileEncoding = 4; lastKnownFileType = sourcecode.c.h; name = afGMapsDirectionsRequest.h; path = ../../iOS/afGMapsDirectionsRequest.h; sourceTree = "<group>"; };
		389D91391392E8AF005A7B40 /* afGMapsDirectionsRequest.m */ = {isa = PBXFileReference; fileEncoding = 4; lastKnownFileType = sourcecode.c.objc; name = afGMapsDirectionsRequest.m; path = ../../iOS/afGMapsDirectionsRequest.m; sourceTree = "<group>"; };
		389D913A1392E8AF005A7B40 /* afGMapsDistanceRequest.h */ = {isa = PBXFileReference; fileEncoding = 4; lastKnownFileType = sourcecode.c.h; name = afGMapsDistanceRequest.h; path = ../../iOS/afGMapsDistanceRequest.h; sourceTree = "<group>"; };
		389D913B1392E8AF005A7B40 /* afGMapsDistanceRequest.m */ = {isa = PBXFileReference; fileEncoding = 4; lastKnownFileType = sourcecode.c.objc; name = afGMapsDistanceRequest.m; path = ../../iOS/afGMapsDistanceRequest.m; sourceTree = "<group>"; };
		389D913C1392E8AF005A7B40 /* afGMapsGeocodingRequest.h */ = {isa = PBXFileReference; fileEncoding = 4; lastKnownFileType = sourcecode.c.h; name = afGMapsGeocodingRequest.h; path = ../../iOS/afGMapsGeocodingRequest.h; sourceTree = "<group>"; };
		389D913D1392E8AF005A7B40 /* afGMapsGeocodingRequest.m */ = {isa = PBXFileReference; fileEncoding = 4; lastKnownFileType = sourcecode.c.objc; name = afGMapsGeocodingRequest.m; path = ../../iOS/afGMapsGeocodingRequest.m; sourceTree = "<group>"; };
		389D913E1392E8AF005A7B40 /* afGoogleMapsAPIRequest.h */ = {isa = PBXFileReference; fileEncoding = 4; lastKnownFileType = sourcecode.c.h; name = afGoogleMapsAPIRequest.h; path = ../../iOS/afGoogleMapsAPIRequest.h; sourceTree = "<group>"; };
		389D913F1392E8AF005A7B40 /* afGoogleMapsAPIRequest.m */ = {isa = PBXFileReference; fileEncoding = 4; lastKnownFileType = sourcecode.c.objc; name = afGoogleMapsAPIRequest.m; path = ../../iOS/afGoogleMapsAPIRequest.m; sourceTree = "<group>"; };
		389D91461392E915005A7B40 /* NSObject+SBJson.h */ = {isa = PBXFileReference; fileEncoding = 4; lastKnownFileType = sourcecode.c.h; name = "NSObject+SBJson.h"; path = "JSON/NSObject+SBJson.h"; sourceTree = "<group>"; };
		389D91471392E915005A7B40 /* NSObject+SBJson.m */ = {isa = PBXFileReference; fileEncoding = 4; lastKnownFileType = sourcecode.c.objc; name = "NSObject+SBJson.m"; path = "JSON/NSObject+SBJson.m"; sourceTree = "<group>"; };
		389D91481392E915005A7B40 /* SBJson.h */ = {isa = PBXFileReference; fileEncoding = 4; lastKnownFileType = sourcecode.c.h; name = SBJson.h; path = JSON/SBJson.h; sourceTree = "<group>"; };
		389D91491392E915005A7B40 /* SBJsonParser.h */ = {isa = PBXFileReference; fileEncoding = 4; lastKnownFileType = sourcecode.c.h; name = SBJsonParser.h; path = JSON/SBJsonParser.h; sourceTree = "<group>"; };
		389D914A1392E915005A7B40 /* SBJsonParser.m */ = {isa = PBXFileReference; fileEncoding = 4; lastKnownFileType = sourcecode.c.objc; name = SBJsonParser.m; path = JSON/SBJsonParser.m; sourceTree = "<group>"; };
		389D914B1392E915005A7B40 /* SBJsonPublic.h */ = {isa = PBXFileReference; fileEncoding = 4; lastKnownFileType = sourcecode.c.h; name = SBJsonPublic.h; path = JSON/SBJsonPublic.h; sourceTree = "<group>"; };
		389D914C1392E915005A7B40 /* SBJsonStreamParser.h */ = {isa = PBXFileReference; fileEncoding = 4; lastKnownFileType = sourcecode.c.h; name = SBJsonStreamParser.h; path = JSON/SBJsonStreamParser.h; sourceTree = "<group>"; };
		389D914D1392E915005A7B40 /* SBJsonStreamParser.m */ = {isa = PBXFileReference; fileEncoding = 4; lastKnownFileType = sourcecode.c.objc; name = SBJsonStreamParser.m; path = JSON/SBJsonStreamParser.m; sourceTree = "<group>"; };
		389D914E1392E915005A7B40 /* SBJsonStreamParserAccumulator.h */ = {isa = PBXFileReference; fileEncoding = 4; lastKnownFileType = sourcecode.c.h; name = SBJsonStreamParserAccumulator.h; path = JSON/SBJsonStreamParserAccumulator.h; sourceTree = "<group>"; };
		389D914F1392E915005A7B40 /* SBJsonStreamParserAccumulator.m */ = {isa = PBXFileReference; fileEncoding = 4; lastKnownFileType = sourcecode.c.objc; name = SBJsonStreamParserAccumulator.m; path = JSON/SBJsonStreamParserAccumulator.m; sourceTree = "<group>"; };
		389D91501392E915005A7B40 /* SBJsonStreamParserAdapter.h */ = {isa = PBXFileReference; fileEncoding = 4; lastKnownFileType = sourcecode.c.h; name = SBJsonStreamParserAdapter.h; path = JSON/SBJsonStreamParserAdapter.h; sourceTree = "<group>"; };
		389D91511392E915005A7B40 /* SBJsonStreamParserAdapter.m */ = {isa = PBXFileReference; fileEncoding = 4; lastKnownFileType = sourcecode.c.objc; name = SBJsonStreamParserAdapter.m; path = JSON/SBJsonStreamParserAdapter.m; sourceTree = "<group>"; };
		389D91521392E915005A7B40 /* SBJsonStreamParserState.h */ = {isa = PBXFileReference; fileEncoding = 4; lastKnownFileType = sourcecode.c.h; name = SBJsonStreamParserState.h; path = JSON/SBJsonStreamParserState.h; sourceTree = "<group>"; };
		389D91531392E915005A7B40 /* SBJsonStreamParserState.m */ = {isa = PBXFileReference; fileEncoding = 4; lastKnownFileType = sourcecode.c.objc; name = SBJsonStreamParserState.m; path = JSON/SBJsonStreamParserState.m; sourceTree = "<group>"; };
		389D91541392E915005A7B40 /* SBJsonStreamWriter.h */ = {isa = PBXFileReference; fileEncoding = 4; lastKnownFileType = sourcecode.c.h; name = SBJsonStreamWriter.h; path = JSON/SBJsonStreamWriter.h; sourceTree = "<group>"; };
		389D91551392E915005A7B40 /* SBJsonStreamWriter.m */ = {isa = PBXFileReference; fileEncoding = 4; lastKnownFileType = sourcecode.c.objc; name = SBJsonStreamWriter.m; path = JSON/SBJsonStreamWriter.m; sourceTree = "<group>"; };
		389D91561392E915005A7B40 /* SBJsonStreamWriterAccumulator.h */ = {isa = PBXFileReference; fileEncoding = 4; lastKnownFileType = sourcecode.c.h; name = SBJsonStreamWriterAccumulator.h; path = JSON/SBJsonStreamWriterAccumulator.h; sourceTree = "<group>"; };
		389D91571392E915005A7B40 /* SBJsonStreamWriterAccumulator.m */ = {isa = PBXFileReference; fileEncoding = 4; lastKnownFileType = sourcecode.c.objc; name = SBJsonStreamWriterAccumulator.m; path = JSON/SBJsonStreamWriterAccumulator.m; sourceTree = "<group>"; };
		389D91581392E915005A7B40 /* SBJsonStreamWriterState.h */ = {isa = PBXFileReference; fileEncoding = 4; lastKnownFileType = sourcecode.c.h; name = SBJsonStreamWriterState.h; path = JSON/SBJsonStreamWriterState.h; sourceTree = "<group>"; };
		389D91591392E915005A7B40 /* SBJsonStreamWriterState.m */ = {isa = PBXFileReference; fileEncoding = 4; lastKnownFileType = sourcecode.c.objc; name = SBJsonStreamWriterState.m; path = JSON/SBJsonStreamWriterState.m; sourceTree = "<group>"; };
		389D915A1392E915005A7B40 /* SBJsonTokeniser.h */ = {isa = PBXFileReference; fileEncoding = 4; lastKnownFileType = sourcecode.c.h; name = SBJsonTokeniser.h; path = JSON/SBJsonTokeniser.h; sourceTree = "<group>"; };
		389D915B1392E915005A7B40 /* SBJsonTokeniser.m */ = {isa = PBXFileReference; fileEncoding = 4; lastKnownFileType = sourcecode.c.objc; name = SBJsonTokeniser.m; path = JSON/SBJsonTokeniser.m; sourceTree = "<group>"; };
		389D915C1392E915005A7B40 /* SBJsonUTF8Stream.h */ = {isa = PBXFileReference; fileEncoding = 4; lastKnownFileType = sourcecode.c.h; name = SBJsonUTF8Stream.h; path = JSON/SBJsonUTF8Stream.h; sourceTree = "<group>"; };
		389D915D1392E915005A7B40 /* SBJsonUTF8Stream.m */ = {isa = PBXFileReference; fileEncoding = 4; lastKnownFileType = sourcecode.c.objc; name = SBJsonUTF8Stream.m; path = JSON/SBJsonUTF8Stream.m; sourceTree = "<group>"; };
		389D915E1392E915005A7B40 /* SBJsonWriter.h */ = {isa = PBXFileReference; fileEncoding = 4; lastKnownFileType = sourcecode.c.h; name = SBJsonWriter.h; path = JSON/SBJsonWriter.h; sourceTree = "<group>"; };
		389D915F1392E915005A7B40 /* SBJsonWriter.m */ = {isa = PBXFileReference; fileEncoding = 4; lastKnownFileType = sourcecode.c.objc; name = SBJsonWriter.m; path = JSON/SBJsonWriter.m; sourceTree = "<group>"; };
		389D916C1392E920005A7B40 /* ASIAuthenticationDialog.h */ = {isa = PBXFileReference; fileEncoding = 4; lastKnownFileType = sourcecode.c.h; name = ASIAuthenticationDialog.h; path = ASI/ASIAuthenticationDialog.h; sourceTree = "<group>"; };
		389D916D1392E920005A7B40 /* ASIAuthenticationDialog.m */ = {isa = PBXFileReference; fileEncoding = 4; lastKnownFileType = sourcecode.c.objc; name = ASIAuthenticationDialog.m; path = ASI/ASIAuthenticationDialog.m; sourceTree = "<group>"; };
		389D916E1392E920005A7B40 /* ASICacheDelegate.h */ = {isa = PBXFileReference; fileEncoding = 4; lastKnownFileType = sourcecode.c.h; name = ASICacheDelegate.h; path = ASI/ASICacheDelegate.h; sourceTree = "<group>"; };
		389D916F1392E920005A7B40 /* ASIDataCompressor.h */ = {isa = PBXFileReference; fileEncoding = 4; lastKnownFileType = sourcecode.c.h; name = ASIDataCompressor.h; path = ASI/ASIDataCompressor.h; sourceTree = "<group>"; };
		389D91701392E920005A7B40 /* ASIDataCompressor.m */ = {isa = PBXFileReference; fileEncoding = 4; lastKnownFileType = sourcecode.c.objc; name = ASIDataCompressor.m; path = ASI/ASIDataCompressor.m; sourceTree = "<group>"; };
		389D91711392E920005A7B40 /* ASIDataDecompressor.h */ = {isa = PBXFileReference; fileEncoding = 4; lastKnownFileType = sourcecode.c.h; name = ASIDataDecompressor.h; path = ASI/ASIDataDecompressor.h; sourceTree = "<group>"; };
		389D91721392E920005A7B40 /* ASIDataDecompressor.m */ = {isa = PBXFileReference; fileEncoding = 4; lastKnownFileType = sourcecode.c.objc; name = ASIDataDecompressor.m; path = ASI/ASIDataDecompressor.m; sourceTree = "<group>"; };
		389D91731392E920005A7B40 /* ASIDownloadCache.h */ = {isa = PBXFileReference; fileEncoding = 4; lastKnownFileType = sourcecode.c.h; name = ASIDownloadCache.h; path = ASI/ASIDownloadCache.h; sourceTree = "<group>"; };
		389D91741392E920005A7B40 /* ASIDownloadCache.m */ = {isa = PBXFileReference; fileEncoding = 4; lastKnownFileType = sourcecode.c.objc; name = ASIDownloadCache.m; path = ASI/ASIDownloadCache.m; sourceTree = "<group>"; };
		389D91751392E920005A7B40 /* ASIFormDataRequest.h */ = {isa = PBXFileReference; fileEncoding = 4; lastKnownFileType = sourcecode.c.h; name = ASIFormDataRequest.h; path = ASI/ASIFormDataRequest.h; sourceTree = "<group>"; };
		389D91761392E920005A7B40 /* ASIFormDataRequest.m */ = {isa = PBXFileReference; fileEncoding = 4; lastKnownFileType = sourcecode.c.objc; name = ASIFormDataRequest.m; path = ASI/ASIFormDataRequest.m; sourceTree = "<group>"; };
		389D91771392E920005A7B40 /* ASIHTTPRequest.h */ = {isa = PBXFileReference; fileEncoding = 4; lastKnownFileType = sourcecode.c.h; name = ASIHTTPRequest.h; path = ASI/ASIHTTPRequest.h; sourceTree = "<group>"; };
		389D91781392E920005A7B40 /* ASIHTTPRequest.m */ = {isa = PBXFileReference; fileEncoding = 4; lastKnownFileType = sourcecode.c.objc; name = ASIHTTPRequest.m; path = ASI/ASIHTTPRequest.m; sourceTree = "<group>"; };
		389D91791392E920005A7B40 /* ASIHTTPRequestConfig.h */ = {isa = PBXFileReference; fileEncoding = 4; lastKnownFileType = sourcecode.c.h; name = ASIHTTPRequestConfig.h; path = ASI/ASIHTTPRequestConfig.h; sourceTree = "<group>"; };
		389D917A1392E920005A7B40 /* ASIHTTPRequestDelegate.h */ = {isa = PBXFileReference; fileEncoding = 4; lastKnownFileType = sourcecode.c.h; name = ASIHTTPRequestDelegate.h; path = ASI/ASIHTTPRequestDelegate.h; sourceTree = "<group>"; };
		389D917B1392E920005A7B40 /* ASIInputStream.h */ = {isa = PBXFileReference; fileEncoding = 4; lastKnownFileType = sourcecode.c.h; name = ASIInputStream.h; path = ASI/ASIInputStream.h; sourceTree = "<group>"; };
		389D917C1392E920005A7B40 /* ASIInputStream.m */ = {isa = PBXFileReference; fileEncoding = 4; lastKnownFileType = sourcecode.c.objc; name = ASIInputStream.m; path = ASI/ASIInputStream.m; sourceTree = "<group>"; };
		389D917D1392E920005A7B40 /* ASINetworkQueue.h */ = {isa = PBXFileReference; fileEncoding = 4; lastKnownFileType = sourcecode.c.h; name = ASINetworkQueue.h; path = ASI/ASINetworkQueue.h; sourceTree = "<group>"; };
		389D917E1392E920005A7B40 /* ASINetworkQueue.m */ = {isa = PBXFileReference; fileEncoding = 4; lastKnownFileType = sourcecode.c.objc; name = ASINetworkQueue.m; path = ASI/ASINetworkQueue.m; sourceTree = "<group>"; };
		389D917F1392E920005A7B40 /* ASIProgressDelegate.h */ = {isa = PBXFileReference; fileEncoding = 4; lastKnownFileType = sourcecode.c.h; name = ASIProgressDelegate.h; path = ASI/ASIProgressDelegate.h; sourceTree = "<group>"; };
		389D91801392E920005A7B40 /* Reachability.h */ = {isa = PBXFileReference; fileEncoding = 4; lastKnownFileType = sourcecode.c.h; name = Reachability.h; path = ASI/Reachability.h; sourceTree = "<group>"; };
		389D91811392E920005A7B40 /* Reachability.m */ = {isa = PBXFileReference; fileEncoding = 4; lastKnownFileType = sourcecode.c.objc; name = Reachability.m; path = ASI/Reachability.m; sourceTree = "<group>"; };
		389D918B1392E936005A7B40 /* SystemConfiguration.framework */ = {isa = PBXFileReference; lastKnownFileType = wrapper.framework; name = SystemConfiguration.framework; path = System/Library/Frameworks/SystemConfiguration.framework; sourceTree = SDKROOT; };
		389D918D1392E93A005A7B40 /* MobileCoreServices.framework */ = {isa = PBXFileReference; lastKnownFileType = wrapper.framework; name = MobileCoreServices.framework; path = System/Library/Frameworks/MobileCoreServices.framework; sourceTree = SDKROOT; };
		389D918F1392E941005A7B40 /* libz.1.2.3.dylib */ = {isa = PBXFileReference; lastKnownFileType = "compiled.mach-o.dylib"; name = libz.1.2.3.dylib; path = usr/lib/libz.1.2.3.dylib; sourceTree = SDKROOT; };
		389D91911392E949005A7B40 /* CFNetwork.framework */ = {isa = PBXFileReference; lastKnownFileType = wrapper.framework; name = CFNetwork.framework; path = System/Library/Frameworks/CFNetwork.framework; sourceTree = SDKROOT; };
		389D91931392E973005A7B40 /* Security.framework */ = {isa = PBXFileReference; lastKnownFileType = wrapper.framework; name = Security.framework; path = System/Library/Frameworks/Security.framework; sourceTree = SDKROOT; };
		38CC36D81396C4B3006C1381 /* afGMapsElevationRequest.h */ = {isa = PBXFileReference; fileEncoding = 4; lastKnownFileType = sourcecode.c.h; name = afGMapsElevationRequest.h; path = ../../iOS/afGMapsElevationRequest.h; sourceTree = "<group>"; };
		38CC36D91396C4B3006C1381 /* afGMapsElevationRequest.m */ = {isa = PBXFileReference; fileEncoding = 4; lastKnownFileType = sourcecode.c.objc; name = afGMapsElevationRequest.m; path = ../../iOS/afGMapsElevationRequest.m; sourceTree = "<group>"; };
		38CC36DA1396C4B3006C1381 /* afGMapsPlacesRequest.h */ = {isa = PBXFileReference; fileEncoding = 4; lastKnownFileType = sourcecode.c.h; name = afGMapsPlacesRequest.h; path = ../../iOS/afGMapsPlacesRequest.h; sourceTree = "<group>"; };
		38CC36DB1396C4B3006C1381 /* afGMapsPlacesRequest.m */ = {isa = PBXFileReference; fileEncoding = 4; lastKnownFileType = sourcecode.c.objc; name = afGMapsPlacesRequest.m; path = ../../iOS/afGMapsPlacesRequest.m; sourceTree = "<group>"; };
/* End PBXFileReference section */

/* Begin PBXFrameworksBuildPhase section */
		38476B1614374BC60030EEBE /* Frameworks */ = {
			isa = PBXFrameworksBuildPhase;
			buildActionMask = 2147483647;
			files = (
				38476B3C14374D170030EEBE /* CoreLocation.framework in Frameworks */,
				38476B3D14374D170030EEBE /* Security.framework in Frameworks */,
				38476B3E14374D170030EEBE /* CFNetwork.framework in Frameworks */,
				38476B3F14374D170030EEBE /* libz.1.2.3.dylib in Frameworks */,
				38476B4014374D170030EEBE /* MobileCoreServices.framework in Frameworks */,
				38476B4114374D170030EEBE /* SystemConfiguration.framework in Frameworks */,
				38476B4214374D170030EEBE /* UIKit.framework in Frameworks */,
				38476B4314374D170030EEBE /* Foundation.framework in Frameworks */,
				38476B4414374D170030EEBE /* CoreGraphics.framework in Frameworks */,
				38476B1B14374BC60030EEBE /* CoreFoundation.framework in Frameworks */,
			);
			runOnlyForDeploymentPostprocessing = 0;
		};
		389D91111392E89E005A7B40 /* Frameworks */ = {
			isa = PBXFrameworksBuildPhase;
			buildActionMask = 2147483647;
			files = (
				3819B2F5142F87900036F542 /* CoreLocation.framework in Frameworks */,
				389D91941392E973005A7B40 /* Security.framework in Frameworks */,
				389D91921392E949005A7B40 /* CFNetwork.framework in Frameworks */,
				389D91901392E941005A7B40 /* libz.1.2.3.dylib in Frameworks */,
				389D918E1392E93A005A7B40 /* MobileCoreServices.framework in Frameworks */,
				389D918C1392E936005A7B40 /* SystemConfiguration.framework in Frameworks */,
				389D91191392E89E005A7B40 /* UIKit.framework in Frameworks */,
				389D911B1392E89F005A7B40 /* Foundation.framework in Frameworks */,
				389D911D1392E89F005A7B40 /* CoreGraphics.framework in Frameworks */,
			);
			runOnlyForDeploymentPostprocessing = 0;
		};
/* End PBXFrameworksBuildPhase section */

/* Begin PBXGroup section */
		3810D82C139811B000B5972E /* ViewCons */ = {
			isa = PBXGroup;
			children = (
				389D912D1392E89F005A7B40 /* GeocodingViewController.h */,
				389D912E1392E89F005A7B40 /* GeocodingViewController.m */,
				389D91301392E89F005A7B40 /* GeocodingViewController.xib */,
				3810D83213981E1200B5972E /* SettingsViewController.h */,
				3810D83313981E1300B5972E /* SettingsViewController.m */,
				3810D83413981E1300B5972E /* SettingsViewController.xib */,
				3810D82D13981DAD00B5972E /* DistanceViewController.h */,
				3810D82E13981DAD00B5972E /* DistanceViewController.m */,
				3810D82F13981DAD00B5972E /* DistanceViewController.xib */,
				3810D827139811AA00B5972E /* DirectionsViewController.m */,
				3810D826139811AA00B5972E /* DirectionsViewController.h */,
				3810D828139811AA00B5972E /* DirectionsViewController.xib */,
			);
			name = ViewCons;
			sourceTree = "<group>";
		};
		38140F6B1438BB89008F089D /* Returned objects */ = {
			isa = PBXGroup;
			children = (
				38140F6D1438BBA6008F089D /* Geometry.h */,
				38140F6E1438BBA6008F089D /* Geometry.m */,
				38140F701438BBF3008F089D /* AddressComponent.h */,
				38140F711438BBF3008F089D /* AddressComponent.m */,
				38140F731438BC63008F089D /* Place.h */,
				38140F741438BC64008F089D /* Place.m */,
			);
			name = "Returned objects";
			sourceTree = "<group>";
		};
		38476B1C14374BC60030EEBE /* afGoogleMapsiOS */ = {
			isa = PBXGroup;
			children = (
				38476B1D14374BC60030EEBE /* Supporting Files */,
			);
			path = afGoogleMapsiOS;
			sourceTree = "<group>";
		};
		38476B1D14374BC60030EEBE /* Supporting Files */ = {
			isa = PBXGroup;
			children = (
				38476B1E14374BC60030EEBE /* afGoogleMapsiOS-Info.plist */,
				38476B1F14374BC60030EEBE /* InfoPlist.strings */,
				38476B2214374BC60030EEBE /* afGoogleMapsiOS-Prefix.pch */,
			);
			name = "Supporting Files";
			sourceTree = "<group>";
		};
		389D91091392E89E005A7B40 = {
			isa = PBXGroup;
			children = (
				389D911E1392E89F005A7B40 /* afGMDemo */,
				38476B1C14374BC60030EEBE /* afGoogleMapsiOS */,
				389D91171392E89E005A7B40 /* Frameworks */,
				389D91151392E89E005A7B40 /* Products */,
			);
			sourceTree = "<group>";
		};
		389D91151392E89E005A7B40 /* Products */ = {
			isa = PBXGroup;
			children = (
				389D91141392E89E005A7B40 /* afGMDemo.app */,
				38476B1914374BC60030EEBE /* afGoogleMapsiOS.framework */,
			);
			name = Products;
			sourceTree = "<group>";
		};
		389D91171392E89E005A7B40 /* Frameworks */ = {
			isa = PBXGroup;
			children = (
				3819B2F4142F87900036F542 /* CoreLocation.framework */,
				389D91931392E973005A7B40 /* Security.framework */,
				389D91911392E949005A7B40 /* CFNetwork.framework */,
				389D918F1392E941005A7B40 /* libz.1.2.3.dylib */,
				389D918D1392E93A005A7B40 /* MobileCoreServices.framework */,
				389D918B1392E936005A7B40 /* SystemConfiguration.framework */,
				389D91181392E89E005A7B40 /* UIKit.framework */,
				389D911A1392E89F005A7B40 /* Foundation.framework */,
				389D911C1392E89F005A7B40 /* CoreGraphics.framework */,
				38476B1A14374BC60030EEBE /* CoreFoundation.framework */,
			);
			name = Frameworks;
			sourceTree = "<group>";
		};
		389D911E1392E89F005A7B40 /* afGMDemo */ = {
			isa = PBXGroup;
			children = (
				38CC36D01396C2C2006C1381 /* New Group */,
				389D91271392E89F005A7B40 /* afGMDemoAppDelegate.h */,
				389D91281392E89F005A7B40 /* afGMDemoAppDelegate.m */,
				389D912A1392E89F005A7B40 /* MainWindow.xib */,
				3810D82C139811B000B5972E /* ViewCons */,
				389D91451392E8BF005A7B40 /* JSON */,
				389D91441392E8B7005A7B40 /* ASI */,
				389D911F1392E89F005A7B40 /* Supporting Files */,
			);
			path = afGMDemo;
			sourceTree = "<group>";
		};
		389D911F1392E89F005A7B40 /* Supporting Files */ = {
			isa = PBXGroup;
			children = (
				389D91201392E89F005A7B40 /* afGMDemo-Info.plist */,
				389D91211392E89F005A7B40 /* InfoPlist.strings */,
				389D91241392E89F005A7B40 /* afGMDemo-Prefix.pch */,
				389D91251392E89F005A7B40 /* main.m */,
			);
			name = "Supporting Files";
			sourceTree = "<group>";
		};
		389D91441392E8B7005A7B40 /* ASI */ = {
			isa = PBXGroup;
			children = (
				389D916C1392E920005A7B40 /* ASIAuthenticationDialog.h */,
				389D916D1392E920005A7B40 /* ASIAuthenticationDialog.m */,
				389D916E1392E920005A7B40 /* ASICacheDelegate.h */,
				389D916F1392E920005A7B40 /* ASIDataCompressor.h */,
				389D91701392E920005A7B40 /* ASIDataCompressor.m */,
				389D91711392E920005A7B40 /* ASIDataDecompressor.h */,
				389D91721392E920005A7B40 /* ASIDataDecompressor.m */,
				389D91731392E920005A7B40 /* ASIDownloadCache.h */,
				389D91741392E920005A7B40 /* ASIDownloadCache.m */,
				389D91751392E920005A7B40 /* ASIFormDataRequest.h */,
				389D91761392E920005A7B40 /* ASIFormDataRequest.m */,
				389D91771392E920005A7B40 /* ASIHTTPRequest.h */,
				389D91781392E920005A7B40 /* ASIHTTPRequest.m */,
				389D91791392E920005A7B40 /* ASIHTTPRequestConfig.h */,
				389D917A1392E920005A7B40 /* ASIHTTPRequestDelegate.h */,
				389D917B1392E920005A7B40 /* ASIInputStream.h */,
				389D917C1392E920005A7B40 /* ASIInputStream.m */,
				389D917D1392E920005A7B40 /* ASINetworkQueue.h */,
				389D917E1392E920005A7B40 /* ASINetworkQueue.m */,
				389D917F1392E920005A7B40 /* ASIProgressDelegate.h */,
				389D91801392E920005A7B40 /* Reachability.h */,
				389D91811392E920005A7B40 /* Reachability.m */,
			);
			name = ASI;
			sourceTree = "<group>";
		};
		389D91451392E8BF005A7B40 /* JSON */ = {
			isa = PBXGroup;
			children = (
				389D91461392E915005A7B40 /* NSObject+SBJson.h */,
				389D91471392E915005A7B40 /* NSObject+SBJson.m */,
				389D91481392E915005A7B40 /* SBJson.h */,
				389D91491392E915005A7B40 /* SBJsonParser.h */,
				389D914A1392E915005A7B40 /* SBJsonParser.m */,
				389D914B1392E915005A7B40 /* SBJsonPublic.h */,
				389D914C1392E915005A7B40 /* SBJsonStreamParser.h */,
				389D914D1392E915005A7B40 /* SBJsonStreamParser.m */,
				389D914E1392E915005A7B40 /* SBJsonStreamParserAccumulator.h */,
				389D914F1392E915005A7B40 /* SBJsonStreamParserAccumulator.m */,
				389D91501392E915005A7B40 /* SBJsonStreamParserAdapter.h */,
				389D91511392E915005A7B40 /* SBJsonStreamParserAdapter.m */,
				389D91521392E915005A7B40 /* SBJsonStreamParserState.h */,
				389D91531392E915005A7B40 /* SBJsonStreamParserState.m */,
				389D91541392E915005A7B40 /* SBJsonStreamWriter.h */,
				389D91551392E915005A7B40 /* SBJsonStreamWriter.m */,
				389D91561392E915005A7B40 /* SBJsonStreamWriterAccumulator.h */,
				389D91571392E915005A7B40 /* SBJsonStreamWriterAccumulator.m */,
				389D91581392E915005A7B40 /* SBJsonStreamWriterState.h */,
				389D91591392E915005A7B40 /* SBJsonStreamWriterState.m */,
				389D915A1392E915005A7B40 /* SBJsonTokeniser.h */,
				389D915B1392E915005A7B40 /* SBJsonTokeniser.m */,
				389D915C1392E915005A7B40 /* SBJsonUTF8Stream.h */,
				389D915D1392E915005A7B40 /* SBJsonUTF8Stream.m */,
				389D915E1392E915005A7B40 /* SBJsonWriter.h */,
				389D915F1392E915005A7B40 /* SBJsonWriter.m */,
			);
			name = JSON;
			sourceTree = "<group>";
		};
		38CC36D01396C2C2006C1381 /* New Group */ = {
			isa = PBXGroup;
			children = (
				38476B3214374C8E0030EEBE /* afGoogleMaps.h */,
				389D913E1392E8AF005A7B40 /* afGoogleMapsAPIRequest.h */,
				389D913F1392E8AF005A7B40 /* afGoogleMapsAPIRequest.m */,
				389D91381392E8AF005A7B40 /* afGMapsDirectionsRequest.h */,
				389D91391392E8AF005A7B40 /* afGMapsDirectionsRequest.m */,
				38CC36D81396C4B3006C1381 /* afGMapsElevationRequest.h */,
				38CC36D91396C4B3006C1381 /* afGMapsElevationRequest.m */,
				38CC36DA1396C4B3006C1381 /* afGMapsPlacesRequest.h */,
				38CC36DB1396C4B3006C1381 /* afGMapsPlacesRequest.m */,
				38140F6B1438BB89008F089D /* Returned objects */,
				382EBE09143750000097553C /* afGMapsPlaceSearchesRequest.h */,
				382EBE0A143750000097553C /* afGMapsPlaceSearchesRequest.m */,
				382EBE0D1437501A0097553C /* afGMapsPlaceDetailsRequest.h */,
				382EBE0E1437501A0097553C /* afGMapsPlaceDetailsRequest.m */,
				382EBE10143750350097553C /* afGMapsPlaceCheckinRequest.h */,
				382EBE11143750350097553C /* afGMapsPlaceCheckinRequest.m */,
				382EBE13143750490097553C /* afGMapsPlaceReportRequest.h */,
				382EBE14143750490097553C /* afGMapsPlaceReportRequest.m */,
				389D913A1392E8AF005A7B40 /* afGMapsDistanceRequest.h */,
				389D913B1392E8AF005A7B40 /* afGMapsDistanceRequest.m */,
				389D913C1392E8AF005A7B40 /* afGMapsGeocodingRequest.h */,
				389D913D1392E8AF005A7B40 /* afGMapsGeocodingRequest.m */,
			);
			name = "New Group";
			sourceTree = "<group>";
		};
/* End PBXGroup section */

/* Begin PBXHeadersBuildPhase section */
		38476B2B14374C560030EEBE /* Headers */ = {
			isa = PBXHeadersBuildPhase;
			buildActionMask = 2147483647;
			files = (
				38476B3514374CE40030EEBE /* afGoogleMaps.h in Headers */,
				38476B2C14374C670030EEBE /* afGoogleMapsAPIRequest.h in Headers */,
				38476B2D14374C670030EEBE /* afGMapsDirectionsRequest.h in Headers */,
				38476B2E14374C670030EEBE /* afGMapsElevationRequest.h in Headers */,
				38476B2F14374C670030EEBE /* afGMapsPlacesRequest.h in Headers */,
				38476B3014374C670030EEBE /* afGMapsDistanceRequest.h in Headers */,
				38476B3114374C670030EEBE /* afGMapsGeocodingRequest.h in Headers */,
				38476B5B14374DE70030EEBE /* NSObject+SBJson.h in Headers */,
				38476B5C14374DE70030EEBE /* SBJson.h in Headers */,
				38476B5D14374DE70030EEBE /* SBJsonParser.h in Headers */,
				38476B5E14374DE70030EEBE /* SBJsonPublic.h in Headers */,
				38476B5F14374DE70030EEBE /* SBJsonStreamParser.h in Headers */,
				38476B6014374DE70030EEBE /* SBJsonStreamParserAccumulator.h in Headers */,
				38476B6114374DE70030EEBE /* SBJsonStreamParserAdapter.h in Headers */,
				38476B6214374DE70030EEBE /* SBJsonStreamParserState.h in Headers */,
				38476B6314374DE70030EEBE /* SBJsonStreamWriter.h in Headers */,
				38476B6414374DE70030EEBE /* SBJsonStreamWriterAccumulator.h in Headers */,
				38476B6514374DE70030EEBE /* SBJsonStreamWriterState.h in Headers */,
				38476B6614374DE70030EEBE /* SBJsonTokeniser.h in Headers */,
				38476B6714374DE70030EEBE /* SBJsonUTF8Stream.h in Headers */,
				38476B6814374DE70030EEBE /* SBJsonWriter.h in Headers */,
				38476B6914374DE70030EEBE /* ASIAuthenticationDialog.h in Headers */,
				38476B6A14374DE70030EEBE /* ASICacheDelegate.h in Headers */,
				38476B6B14374DE70030EEBE /* ASIDataCompressor.h in Headers */,
				38476B6C14374DE70030EEBE /* ASIDataDecompressor.h in Headers */,
				38476B6D14374DE70030EEBE /* ASIDownloadCache.h in Headers */,
				38476B6E14374DE70030EEBE /* ASIFormDataRequest.h in Headers */,
				38476B6F14374DE70030EEBE /* ASIHTTPRequest.h in Headers */,
				38476B7014374DE70030EEBE /* ASIHTTPRequestConfig.h in Headers */,
				38476B7114374DE70030EEBE /* ASIHTTPRequestDelegate.h in Headers */,
				38476B7214374DE70030EEBE /* ASIInputStream.h in Headers */,
				38476B7314374DE70030EEBE /* ASINetworkQueue.h in Headers */,
				38476B7414374DE70030EEBE /* ASIProgressDelegate.h in Headers */,
				38476B7514374DE70030EEBE /* Reachability.h in Headers */,
			);
			runOnlyForDeploymentPostprocessing = 0;
		};
/* End PBXHeadersBuildPhase section */

/* Begin PBXNativeTarget section */
		38476B1814374BC60030EEBE /* afGoogleMapsiOS */ = {
			isa = PBXNativeTarget;
			buildConfigurationList = 38476B2514374BC60030EEBE /* Build configuration list for PBXNativeTarget "afGoogleMapsiOS" */;
			buildPhases = (
				38476B1514374BC60030EEBE /* Sources */,
				38476B1614374BC60030EEBE /* Frameworks */,
				38476B1714374BC60030EEBE /* Resources */,
				38476B2B14374C560030EEBE /* Headers */,
			);
			buildRules = (
			);
			dependencies = (
			);
			name = afGoogleMapsiOS;
			productName = afGoogleMapsiOS;
			productReference = 38476B1914374BC60030EEBE /* afGoogleMapsiOS.framework */;
			productType = "com.apple.product-type.bundle";
		};
		389D91131392E89E005A7B40 /* afGMDemo */ = {
			isa = PBXNativeTarget;
			buildConfigurationList = 389D91351392E89F005A7B40 /* Build configuration list for PBXNativeTarget "afGMDemo" */;
			buildPhases = (
				389D91101392E89E005A7B40 /* Sources */,
				389D91111392E89E005A7B40 /* Frameworks */,
				389D91121392E89E005A7B40 /* Resources */,
			);
			buildRules = (
			);
			dependencies = (
			);
			name = afGMDemo;
			productName = afGMDemo;
			productReference = 389D91141392E89E005A7B40 /* afGMDemo.app */;
			productType = "com.apple.product-type.application";
		};
/* End PBXNativeTarget section */

/* Begin PBXProject section */
		389D910B1392E89E005A7B40 /* Project object */ = {
			isa = PBXProject;
			attributes = {
				ORGANIZATIONNAME = "Ferré";
			};
			buildConfigurationList = 389D910E1392E89E005A7B40 /* Build configuration list for PBXProject "afGMDemo" */;
			compatibilityVersion = "Xcode 3.2";
			developmentRegion = English;
			hasScannedForEncodings = 0;
			knownRegions = (
				en,
			);
			mainGroup = 389D91091392E89E005A7B40;
			productRefGroup = 389D91151392E89E005A7B40 /* Products */;
			projectDirPath = "";
			projectRoot = "";
			targets = (
				389D91131392E89E005A7B40 /* afGMDemo */,
				38476B1814374BC60030EEBE /* afGoogleMapsiOS */,
				38476B2714374BD50030EEBE /* afGoogleMaps-Universal */,
			);
		};
/* End PBXProject section */

/* Begin PBXResourcesBuildPhase section */
		38476B1714374BC60030EEBE /* Resources */ = {
			isa = PBXResourcesBuildPhase;
			buildActionMask = 2147483647;
			files = (
				38476B2114374BC60030EEBE /* InfoPlist.strings in Resources */,
			);
			runOnlyForDeploymentPostprocessing = 0;
		};
		389D91121392E89E005A7B40 /* Resources */ = {
			isa = PBXResourcesBuildPhase;
			buildActionMask = 2147483647;
			files = (
				389D91231392E89F005A7B40 /* InfoPlist.strings in Resources */,
				389D912C1392E89F005A7B40 /* MainWindow.xib in Resources */,
				389D91321392E89F005A7B40 /* GeocodingViewController.xib in Resources */,
				3810D82A139811AA00B5972E /* DirectionsViewController.xib in Resources */,
				3810D83113981DAD00B5972E /* DistanceViewController.xib in Resources */,
				3810D83613981E1300B5972E /* SettingsViewController.xib in Resources */,
			);
			runOnlyForDeploymentPostprocessing = 0;
		};
/* End PBXResourcesBuildPhase section */

/* Begin PBXShellScriptBuildPhase section */
		38476B4514374D670030EEBE /* ShellScript */ = {
			isa = PBXShellScriptBuildPhase;
			buildActionMask = 2147483647;
			files = (
			);
			inputPaths = (
			);
			outputPaths = (
			);
			runOnlyForDeploymentPostprocessing = 0;
			shellPath = /bin/sh;
			shellScript = "# Sets the target folders and the final framework product.\nFMK_NAME=afGoogleMapsiOS\nFMK_VERSION=A\n\n# Install dir will be the final output to the framework.\n# The following line create it in the root folder of the current project.\nINSTALL_DIR=${SRCROOT}/Products/${FMK_NAME}.framework\n\n# Working dir will be deleted after the framework creation.\nWRK_DIR=build\nDEVICE_DIR=${WRK_DIR}/Release-iphoneos/${FMK_NAME}.framework\nSIMULATOR_DIR=${WRK_DIR}/Release-iphonesimulator/${FMK_NAME}.framework\n\n# Building both architectures.\nxcodebuild -configuration \"Release\" -target \"${FMK_NAME}\" -sdk iphoneos\nxcodebuild -configuration \"Release\" -target \"${FMK_NAME}\" -sdk iphonesimulator\n\n# Cleaning the oldest.\nif [ -d \"${INSTALL_DIR}\" ]\nthen\nrm -rf \"${INSTALL_DIR}\"\nfi\n\n# Creates and renews the final product folder.\nmkdir -p \"${INSTALL_DIR}\"\nmkdir -p \"${INSTALL_DIR}/Versions\"\nmkdir -p \"${INSTALL_DIR}/Versions/${FMK_VERSION}\"\nmkdir -p \"${INSTALL_DIR}/Versions/${FMK_VERSION}/Resources\"\nmkdir -p \"${INSTALL_DIR}/Versions/${FMK_VERSION}/Headers\"\n\n# Creates the internal links.\n# It MUST uses relative path, otherwise will not work when the folder is copied/moved.\nln -s \"${FMK_VERSION}\" \"${INSTALL_DIR}/Versions/Current\"\nln -s \"Versions/Current/Headers\" \"${INSTALL_DIR}/Headers\"\nln -s \"Versions/Current/Resources\" \"${INSTALL_DIR}/Resources\"\nln -s \"Versions/Current/${FMK_NAME}\" \"${INSTALL_DIR}/${FMK_NAME}\"\n\n# Copies the headers and resources files to the final product folder.\ncp -R \"${DEVICE_DIR}/Headers/\" \"${INSTALL_DIR}/Versions/${FMK_VERSION}/Headers/\"\ncp -R \"${DEVICE_DIR}/\" \"${INSTALL_DIR}/Versions/${FMK_VERSION}/Resources/\"\n\n# Removes the binary and header from the resources folder.\nrm -r \"${INSTALL_DIR}/Versions/${FMK_VERSION}/Resources/Headers\" \"${INSTALL_DIR}/Versions/${FMK_VERSION}/Resources/${FMK_NAME}\"\n\n# Uses the Lipo Tool to merge both binary files (i386 + armv6/armv7) into one Universal final product.\nlipo -create \"${DEVICE_DIR}/${FMK_NAME}\" \"${SIMULATOR_DIR}/${FMK_NAME}\" -output \"${INSTALL_DIR}/Versions/${FMK_VERSION}/${FMK_NAME}\"\n\nrm -r \"${WRK_DIR}\"";
		};
/* End PBXShellScriptBuildPhase section */

/* Begin PBXSourcesBuildPhase section */
		38476B1514374BC60030EEBE /* Sources */ = {
			isa = PBXSourcesBuildPhase;
			buildActionMask = 2147483647;
			files = (
				38476B4614374DC70030EEBE /* NSObject+SBJson.m in Sources */,
				38476B4714374DC70030EEBE /* SBJsonParser.m in Sources */,
				38476B4814374DC70030EEBE /* SBJsonStreamParser.m in Sources */,
				38476B4914374DC70030EEBE /* SBJsonStreamParserAccumulator.m in Sources */,
				38476B4A14374DC70030EEBE /* SBJsonStreamParserAdapter.m in Sources */,
				38476B4B14374DC70030EEBE /* SBJsonStreamParserState.m in Sources */,
				38476B4C14374DC70030EEBE /* SBJsonStreamWriter.m in Sources */,
				38476B4D14374DC70030EEBE /* SBJsonStreamWriterAccumulator.m in Sources */,
				38476B4E14374DC70030EEBE /* SBJsonStreamWriterState.m in Sources */,
				38476B4F14374DC70030EEBE /* SBJsonTokeniser.m in Sources */,
				38476B5014374DC70030EEBE /* SBJsonUTF8Stream.m in Sources */,
				38476B5114374DC70030EEBE /* SBJsonWriter.m in Sources */,
				38476B5214374DC70030EEBE /* ASIAuthenticationDialog.m in Sources */,
				38476B5314374DC70030EEBE /* ASIDataCompressor.m in Sources */,
				38476B5414374DC70030EEBE /* ASIDataDecompressor.m in Sources */,
				38476B5514374DC70030EEBE /* ASIDownloadCache.m in Sources */,
				38476B5614374DC70030EEBE /* ASIFormDataRequest.m in Sources */,
				38476B5714374DC70030EEBE /* ASIHTTPRequest.m in Sources */,
				38476B5814374DC70030EEBE /* ASIInputStream.m in Sources */,
				38476B5914374DC70030EEBE /* ASINetworkQueue.m in Sources */,
				38476B5A14374DC70030EEBE /* Reachability.m in Sources */,
				38476B3614374CFC0030EEBE /* afGoogleMapsAPIRequest.m in Sources */,
				38476B3714374CFC0030EEBE /* afGMapsDirectionsRequest.m in Sources */,
				38476B3814374CFC0030EEBE /* afGMapsElevationRequest.m in Sources */,
				38476B3914374CFC0030EEBE /* afGMapsPlacesRequest.m in Sources */,
				38476B3A14374CFC0030EEBE /* afGMapsDistanceRequest.m in Sources */,
				38476B3B14374CFC0030EEBE /* afGMapsGeocodingRequest.m in Sources */,
			);
			runOnlyForDeploymentPostprocessing = 0;
		};
		389D91101392E89E005A7B40 /* Sources */ = {
			isa = PBXSourcesBuildPhase;
			buildActionMask = 2147483647;
			files = (
				389D91261392E89F005A7B40 /* main.m in Sources */,
				389D91291392E89F005A7B40 /* afGMDemoAppDelegate.m in Sources */,
				389D912F1392E89F005A7B40 /* GeocodingViewController.m in Sources */,
				389D91401392E8AF005A7B40 /* afGMapsDirectionsRequest.m in Sources */,
				389D91411392E8AF005A7B40 /* afGMapsDistanceRequest.m in Sources */,
				389D91421392E8AF005A7B40 /* afGMapsGeocodingRequest.m in Sources */,
				389D91431392E8AF005A7B40 /* afGoogleMapsAPIRequest.m in Sources */,
				389D91601392E915005A7B40 /* NSObject+SBJson.m in Sources */,
				389D91611392E915005A7B40 /* SBJsonParser.m in Sources */,
				389D91621392E915005A7B40 /* SBJsonStreamParser.m in Sources */,
				389D91631392E915005A7B40 /* SBJsonStreamParserAccumulator.m in Sources */,
				389D91641392E915005A7B40 /* SBJsonStreamParserAdapter.m in Sources */,
				389D91651392E915005A7B40 /* SBJsonStreamParserState.m in Sources */,
				389D91661392E915005A7B40 /* SBJsonStreamWriter.m in Sources */,
				389D91671392E915005A7B40 /* SBJsonStreamWriterAccumulator.m in Sources */,
				389D91681392E915005A7B40 /* SBJsonStreamWriterState.m in Sources */,
				389D91691392E915005A7B40 /* SBJsonTokeniser.m in Sources */,
				389D916A1392E915005A7B40 /* SBJsonUTF8Stream.m in Sources */,
				389D916B1392E915005A7B40 /* SBJsonWriter.m in Sources */,
				389D91821392E920005A7B40 /* ASIAuthenticationDialog.m in Sources */,
				389D91831392E920005A7B40 /* ASIDataCompressor.m in Sources */,
				389D91841392E920005A7B40 /* ASIDataDecompressor.m in Sources */,
				389D91851392E920005A7B40 /* ASIDownloadCache.m in Sources */,
				389D91861392E920005A7B40 /* ASIFormDataRequest.m in Sources */,
				389D91871392E920005A7B40 /* ASIHTTPRequest.m in Sources */,
				389D91881392E920005A7B40 /* ASIInputStream.m in Sources */,
				389D91891392E920005A7B40 /* ASINetworkQueue.m in Sources */,
				389D918A1392E920005A7B40 /* Reachability.m in Sources */,
				38CC36DC1396C4B3006C1381 /* afGMapsElevationRequest.m in Sources */,
				38CC36DD1396C4B3006C1381 /* afGMapsPlacesRequest.m in Sources */,
				3810D829139811AA00B5972E /* DirectionsViewController.m in Sources */,
				3810D83013981DAD00B5972E /* DistanceViewController.m in Sources */,
				3810D83513981E1300B5972E /* SettingsViewController.m in Sources */,
				382EBE0B143750000097553C /* afGMapsPlaceSearchesRequest.m in Sources */,
				382EBE0F1437501A0097553C /* afGMapsPlaceDetailsRequest.m in Sources */,
				382EBE12143750350097553C /* afGMapsPlaceCheckinRequest.m in Sources */,
				382EBE15143750490097553C /* afGMapsPlaceReportRequest.m in Sources */,
				38140F6F1438BBA6008F089D /* Geometry.m in Sources */,
				38140F721438BBF3008F089D /* AddressComponent.m in Sources */,
				38140F751438BC64008F089D /* Place.m in Sources */,
			);
			runOnlyForDeploymentPostprocessing = 0;
		};
/* End PBXSourcesBuildPhase section */

/* Begin PBXVariantGroup section */
		38476B1F14374BC60030EEBE /* InfoPlist.strings */ = {
			isa = PBXVariantGroup;
			children = (
				38476B2014374BC60030EEBE /* en */,
			);
			name = InfoPlist.strings;
			sourceTree = "<group>";
		};
		389D91211392E89F005A7B40 /* InfoPlist.strings */ = {
			isa = PBXVariantGroup;
			children = (
				389D91221392E89F005A7B40 /* en */,
			);
			name = InfoPlist.strings;
			sourceTree = "<group>";
		};
		389D912A1392E89F005A7B40 /* MainWindow.xib */ = {
			isa = PBXVariantGroup;
			children = (
				389D912B1392E89F005A7B40 /* en */,
			);
			name = MainWindow.xib;
			sourceTree = "<group>";
		};
		389D91301392E89F005A7B40 /* GeocodingViewController.xib */ = {
			isa = PBXVariantGroup;
			children = (
				389D91311392E89F005A7B40 /* en */,
			);
			name = GeocodingViewController.xib;
			sourceTree = "<group>";
		};
/* End PBXVariantGroup section */

/* Begin XCBuildConfiguration section */
		38476B2314374BC60030EEBE /* Debug */ = {
			isa = XCBuildConfiguration;
			buildSettings = {
				ALWAYS_SEARCH_USER_PATHS = NO;
				ARCHS = "$(ARCHS_STANDARD_32_BIT)";
				COPY_PHASE_STRIP = NO;
				DEAD_CODE_STRIPPING = NO;
				GCC_DYNAMIC_NO_PIC = NO;
				GCC_ENABLE_OBJC_EXCEPTIONS = YES;
				GCC_GENERATE_DEBUGGING_SYMBOLS = NO;
				GCC_PRECOMPILE_PREFIX_HEADER = YES;
				GCC_PREFIX_HEADER = "afGoogleMapsiOS/afGoogleMapsiOS-Prefix.pch";
				GCC_PREPROCESSOR_DEFINITIONS = (
					"DEBUG=1",
					"$(inherited)",
				);
				GCC_VERSION = com.apple.compilers.llvm.clang.1_0;
				GCC_WARN_64_TO_32_BIT_CONVERSION = YES;
				GCC_WARN_ABOUT_MISSING_PROTOTYPES = YES;
				INFOPLIST_FILE = "afGoogleMapsiOS/afGoogleMapsiOS-Info.plist";
				INSTALL_PATH = "$(LOCAL_LIBRARY_DIR)/Bundles";
				LINK_WITH_STANDARD_LIBRARIES = NO;
				MACH_O_TYPE = mh_object;
				MACOSX_DEPLOYMENT_TARGET = 10.7;
				ONLY_ACTIVE_ARCH = NO;
				PRODUCT_NAME = "$(TARGET_NAME)";
				SDKROOT = iphoneos;
				WRAPPER_EXTENSION = framework;
			};
			name = Debug;
		};
		38476B2414374BC60030EEBE /* Release */ = {
			isa = XCBuildConfiguration;
			buildSettings = {
				ALWAYS_SEARCH_USER_PATHS = NO;
				ARCHS = "$(ARCHS_STANDARD_32_BIT)";
				COPY_PHASE_STRIP = YES;
				DEAD_CODE_STRIPPING = NO;
				DEBUG_INFORMATION_FORMAT = "dwarf-with-dsym";
				GCC_ENABLE_OBJC_EXCEPTIONS = YES;
				GCC_GENERATE_DEBUGGING_SYMBOLS = NO;
				GCC_PRECOMPILE_PREFIX_HEADER = YES;
				GCC_PREFIX_HEADER = "afGoogleMapsiOS/afGoogleMapsiOS-Prefix.pch";
				GCC_VERSION = com.apple.compilers.llvm.clang.1_0;
				GCC_WARN_64_TO_32_BIT_CONVERSION = YES;
				GCC_WARN_ABOUT_MISSING_PROTOTYPES = YES;
				INFOPLIST_FILE = "afGoogleMapsiOS/afGoogleMapsiOS-Info.plist";
				INSTALL_PATH = "$(LOCAL_LIBRARY_DIR)/Bundles";
				LINK_WITH_STANDARD_LIBRARIES = NO;
				MACH_O_TYPE = mh_object;
				MACOSX_DEPLOYMENT_TARGET = 10.7;
				ONLY_ACTIVE_ARCH = NO;
				PRODUCT_NAME = "$(TARGET_NAME)";
				SDKROOT = iphoneos;
				WRAPPER_EXTENSION = framework;
			};
			name = Release;
		};
		38476B2914374BD50030EEBE /* Debug */ = {
			isa = XCBuildConfiguration;
			buildSettings = {
				PRODUCT_NAME = "$(TARGET_NAME)";
			};
			name = Debug;
		};
		38476B2A14374BD50030EEBE /* Release */ = {
			isa = XCBuildConfiguration;
			buildSettings = {
				PRODUCT_NAME = "$(TARGET_NAME)";
			};
			name = Release;
		};
		389D91331392E89F005A7B40 /* Debug */ = {
			isa = XCBuildConfiguration;
			buildSettings = {
				ARCHS = "$(ARCHS_STANDARD_32_BIT)";
				"CODE_SIGN_IDENTITY[sdk=iphoneos*]" = "iPhone Developer";
				GCC_C_LANGUAGE_STANDARD = gnu99;
				GCC_OPTIMIZATION_LEVEL = 0;
				GCC_PREPROCESSOR_DEFINITIONS = DEBUG;
				GCC_SYMBOLS_PRIVATE_EXTERN = NO;
				GCC_VERSION = com.apple.compilers.llvmgcc42;
				GCC_WARN_ABOUT_RETURN_TYPE = YES;
				GCC_WARN_UNUSED_VARIABLE = YES;
				IPHONEOS_DEPLOYMENT_TARGET = 4.3;
				SDKROOT = iphoneos;
			};
			name = Debug;
		};
		389D91341392E89F005A7B40 /* Release */ = {
			isa = XCBuildConfiguration;
			buildSettings = {
				ARCHS = "$(ARCHS_STANDARD_32_BIT)";
				"CODE_SIGN_IDENTITY[sdk=iphoneos*]" = "iPhone Developer";
				GCC_C_LANGUAGE_STANDARD = gnu99;
				GCC_VERSION = com.apple.compilers.llvmgcc42;
				GCC_WARN_ABOUT_RETURN_TYPE = YES;
				GCC_WARN_UNUSED_VARIABLE = YES;
				IPHONEOS_DEPLOYMENT_TARGET = 4.3;
				OTHER_CFLAGS = "-DNS_BLOCK_ASSERTIONS=1";
				SDKROOT = iphoneos;
			};
			name = Release;
		};
		389D91361392E89F005A7B40 /* Debug */ = {
			isa = XCBuildConfiguration;
			buildSettings = {
				ALWAYS_SEARCH_USER_PATHS = NO;
				COPY_PHASE_STRIP = NO;
				GCC_DYNAMIC_NO_PIC = NO;
				GCC_PRECOMPILE_PREFIX_HEADER = YES;
				GCC_PREFIX_HEADER = "afGMDemo/afGMDemo-Prefix.pch";
				INFOPLIST_FILE = "afGMDemo/afGMDemo-Info.plist";
				IPHONEOS_DEPLOYMENT_TARGET = 4.3;
				PRODUCT_NAME = "$(TARGET_NAME)";
				TARGETED_DEVICE_FAMILY = 1;
				WRAPPER_EXTENSION = app;
			};
			name = Debug;
		};
		389D91371392E89F005A7B40 /* Release */ = {
			isa = XCBuildConfiguration;
			buildSettings = {
				ALWAYS_SEARCH_USER_PATHS = NO;
				COPY_PHASE_STRIP = YES;
				GCC_PRECOMPILE_PREFIX_HEADER = YES;
				GCC_PREFIX_HEADER = "afGMDemo/afGMDemo-Prefix.pch";
				INFOPLIST_FILE = "afGMDemo/afGMDemo-Info.plist";
				IPHONEOS_DEPLOYMENT_TARGET = 4.3;
				PRODUCT_NAME = "$(TARGET_NAME)";
				TARGETED_DEVICE_FAMILY = 1;
				VALIDATE_PRODUCT = YES;
				WRAPPER_EXTENSION = app;
			};
			name = Release;
		};
/* End XCBuildConfiguration section */

/* Begin XCConfigurationList section */
		38476B2514374BC60030EEBE /* Build configuration list for PBXNativeTarget "afGoogleMapsiOS" */ = {
			isa = XCConfigurationList;
			buildConfigurations = (
				38476B2314374BC60030EEBE /* Debug */,
				38476B2414374BC60030EEBE /* Release */,
			);
			defaultConfigurationIsVisible = 0;
			defaultConfigurationName = Release;
		};
		38476B2814374BD50030EEBE /* Build configuration list for PBXAggregateTarget "afGoogleMaps-Universal" */ = {
			isa = XCConfigurationList;
			buildConfigurations = (
				38476B2914374BD50030EEBE /* Debug */,
				38476B2A14374BD50030EEBE /* Release */,
			);
			defaultConfigurationIsVisible = 0;
			defaultConfigurationName = Release;
		};
		389D910E1392E89E005A7B40 /* Build configuration list for PBXProject "afGMDemo" */ = {
			isa = XCConfigurationList;
			buildConfigurations = (
				389D91331392E89F005A7B40 /* Debug */,
				389D91341392E89F005A7B40 /* Release */,
			);
			defaultConfigurationIsVisible = 0;
			defaultConfigurationName = Release;
		};
		389D91351392E89F005A7B40 /* Build configuration list for PBXNativeTarget "afGMDemo" */ = {
			isa = XCConfigurationList;
			buildConfigurations = (
				389D91361392E89F005A7B40 /* Debug */,
				389D91371392E89F005A7B40 /* Release */,
			);
			defaultConfigurationIsVisible = 0;
			defaultConfigurationName = Release;
		};
/* End XCConfigurationList section */
	};
	rootObject = 389D910B1392E89E005A7B40 /* Project object */;
}
